# Generated by buf. DO NOT EDIT.
version: v2
deps:
  - name: buf.build/bufbuild/protovalidate
    commit: 46a4cf4ba1094a34bcd89a6c67163b4b
    digest: b5:2076a950fdf4a8047064d55fd1d20ef21e6d745bf56e3edf557071abd4488ed48c9466d60831d8a03489dc1fcc8ceaa073d197411b59ecd873e28b1328034e0b
  - name: buf.build/googleapis/googleapis
    commit: dae66f69b69443f198292e5958b5e441
    digest: b5:24e758f963ee1bb3b5218eb452e0bdfb7a5449d9a77d174b8284b6368ccc1884213689381cdcd79e4231796c281c128ac1ae50825237b1774deb542bdc704b32
