# Generated by buf. DO NOT EDIT.
version: v2
deps:
  - name: buf.build/bufbuild/protovalidate
    commit: 63dfe56cc2c44cffa4815366ba7a99c0
    digest: b5:a9e0bc0661071fd0887f1a06d99d3b7dfef3a38311f39fb2853a030a6f67529867e1a329c9c500611ebbff9f7bb57c8f9a784e96de686e7564aaa86fb13d1a6d
  - name: buf.build/googleapis/googleapis
    commit: 28151c0d0a1641bf938a7672c500e01d
    digest: b5:93b70089baa4fc05a92d3e52db91a4b7812db3b57b9664f6cb301733938cb630e377a938e8a56779388171c749c1d42a2e9a6c6230f2ff45f127a8102a6a27d0
