# Generated by buf. DO NOT EDIT.
version: v1
deps:
  - remote: buf.build
    owner: envoyproxy
    repository: protoc-gen-validate
    commit: eac44469a7af47e7839a7f1f3d7ac004
    digest: shake256:0feabcde01b6b11e3c75a5e3f807968d5995626546f39c37e5d4205892b3a59cced0ed83b35a2eb9e6dddd3309660ad46b737c9dcd224b425de0a6654ce04417
  - remote: buf.build
    owner: googleapis
    repository: googleapis
    commit: 711e289f6a384c4caeebaff7c6931ade
    digest: shake256:e08fb55dad7469f69df00304eed31427d2d1576e9aab31e6bf86642688e04caaf0372f15fe6974cf79432779a635b3ea401ca69c943976dc42749524e4c25d94
