{
  "name": "@neosync/sdk",
  "version": "0.0.0",
  "lockfileVersion": 3,
  "requires": true,
  "packages": {
    "": {
      "name": "@neosync/sdk",
      "version": "0.0.0",
      "license": "MIT",
      "dependencies": {
        "@connectrpc/connect": "^1.1.4",
        "@connectrpc/connect-node": "^1.1.4"
      },
      "devDependencies": {
        "typescript": "^5.3.3"
      }
    },
    "node_modules/@bufbuild/protobuf": {
      "version": "1.5.1",
      "resolved": "https://registry.npmjs.org/@bufbuild/protobuf/-/protobuf-1.5.1.tgz",
      "integrity": "sha512-LX+MeB1AzlbqgJXkq83lilQpLGnPvsAMj7SH8KtJAmQfBc55ee78Stxuff/HMw0xLMYJN3P1FBh5TENgjJof1w==",
      "peer": true
    },
    "node_modules/@connectrpc/connect": {
      "version": "1.1.4",
      "resolved": "https://registry.npmjs.org/@connectrpc/connect/-/connect-1.1.4.tgz",
      "integrity": "sha512-kFiOi3jsEyOuL4gGW55LgNCqQBNA0Z/GLXrfeJO4r6pI/f8L9rqnjrFZTCeyrvzu1TuqEtL51cR+c46KMCposw==",
      "peerDependencies": {
        "@bufbuild/protobuf": "^1.4.2"
      }
    },
    "node_modules/@connectrpc/connect-node": {
      "version": "1.1.4",
      "resolved": "https://registry.npmjs.org/@connectrpc/connect-node/-/connect-node-1.1.4.tgz",
      "integrity": "sha512-1Pv4PSTh7k6+c8kNjVx9wZiWm8dChexsq+hW4EKcYItjSqvyKpmTfLBTl12y6W+RBQ9vCuFCu3xT79outhNY9g==",
      "dependencies": {
        "undici": "^5.26.2"
      },
      "engines": {
        "node": ">=16.0.0"
      },
      "peerDependencies": {
        "@bufbuild/protobuf": "^1.4.2",
        "@connectrpc/connect": "1.1.4"
      }
    },
    "node_modules/@fastify/busboy": {
      "version": "2.1.0",
      "resolved": "https://registry.npmjs.org/@fastify/busboy/-/busboy-2.1.0.tgz",
      "integrity": "sha512-+KpH+QxZU7O4675t3mnkQKcZZg56u+K/Ct2K+N2AZYNVK8kyeo/bI18tI8aPm3tvNNRyTWfj6s5tnGNlcbQRsA==",
      "engines": {
        "node": ">=14"
      }
    },
    "node_modules/typescript": {
      "version": "5.3.3",
      "resolved": "https://registry.npmjs.org/typescript/-/typescript-5.3.3.tgz",
      "integrity": "sha512-pXWcraxM0uxAS+tN0AG/BF2TyqmHO014Z070UsJ+pFvYuRSq8KH8DmWpnbXe0pEPDHXZV3FcAbJkijJ5oNEnWw==",
      "dev": true,
      "bin": {
        "tsc": "bin/tsc",
        "tsserver": "bin/tsserver"
      },
      "engines": {
        "node": ">=14.17"
      }
    },
    "node_modules/undici": {
      "version": "5.28.2",
      "resolved": "https://registry.npmjs.org/undici/-/undici-5.28.2.tgz",
      "integrity": "sha512-wh1pHJHnUeQV5Xa8/kyQhO7WFa8M34l026L5P/+2TYiakvGy5Rdc8jWZVyG7ieht/0WgJLEd3kcU5gKx+6GC8w==",
      "dependencies": {
        "@fastify/busboy": "^2.0.0"
      },
      "engines": {
        "node": ">=14.0"
      }
    }
  }
}
